
Microsoft Visual Studio Solution File, Format Version 12.00
# Visual Studio Version 17
VisualStudioVersion = 17.0.31903.59
MinimumVisualStudioVersion = 10.0.40219.1
Project("{9A19103F-16F7-4668-BE54-9A1E7A4F7556}") = "UrmaDealGenie", "src\UrmaDealGenie\UrmaDealGenie.csproj", "{D8431687-2A2B-4ECF-B663-DDB1BA7CC410}"
EndProject
Project("{9A19103F-16F7-4668-BE54-9A1E7A4F7556}") = "UrmaDealGenie.Tests", "test\UrmaDealGenie.Tests\UrmaDealGenie.Tests.csproj", "{DE5215C9-277D-40C7-B4F0-F67AC4CAD23D}"
EndProject
Project("{2150E333-8FDC-42A3-9474-1A3956D46DE8}") = "Solution Items", "Solution Items", "{61CCDBA8-9E65-41E6-9647-47DB836318B7}"
	ProjectSection(SolutionItems) = preProject
		README-CREATE-LAMBDA.md = README-CREATE-LAMBDA.md
		README.md = README.md
		TODO.md = TODO.md
	EndProjectSection
EndProject
Global
	GlobalSection(SolutionConfigurationPlatforms) = preSolution
		Debug|Any CPU = Debug|Any CPU
		Release|Any CPU = Release|Any CPU
	EndGlobalSection
	GlobalSection(ProjectConfigurationPlatforms) = postSolution
		{D8431687-2A2B-4ECF-B663-DDB1BA7CC410}.Debug|Any CPU.ActiveCfg = Debug|Any CPU
		{D8431687-2A2B-4ECF-B663-DDB1BA7CC410}.Debug|Any CPU.Build.0 = Debug|Any CPU
		{D8431687-2A2B-4ECF-B663-DDB1BA7CC410}.Release|Any CPU.ActiveCfg = Release|Any CPU
		{D8431687-2A2B-4ECF-B663-DDB1BA7CC410}.Release|Any CPU.Build.0 = Release|Any CPU
		{DE5215C9-277D-40C7-B4F0-F67AC4CAD23D}.Debug|Any CPU.ActiveCfg = Debug|Any CPU
		{DE5215C9-277D-40C7-B4F0-F67AC4CAD23D}.Debug|Any CPU.Build.0 = Debug|Any CPU
		{DE5215C9-277D-40C7-B4F0-F67AC4CAD23D}.Release|Any CPU.ActiveCfg = Release|Any CPU
		{DE5215C9-277D-40C7-B4F0-F67AC4CAD23D}.Release|Any CPU.Build.0 = Release|Any CPU
	EndGlobalSection
	GlobalSection(SolutionProperties) = preSolution
		HideSolutionNode = FALSE
	EndGlobalSection
	GlobalSection(ExtensibilityGlobals) = postSolution
		SolutionGuid = {D9050EE8-9B0A-4A12-9798-5100970EEBF3}
	EndGlobalSection
EndGlobal
